{
  "version": 4,
  "terraform_version": "1.2.7",
  "serial": 23,
  "lineage": "39bb7efc-34aa-89da-b2c5-017b87ea33d4",
  "outputs": {
    "cluster_name": {
      "value": "shining-axon-231409-gke",
      "type": "string"
    }
  },
  "resources": [
    {
      "mode": "managed",
      "type": "google_compute_network",
      "name": "vpc",
      "provider": "provider[\"registry.terraform.io/hashicorp/google\"]",
      "instances": [
        {
          "schema_version": 0,
          "attributes": {
            "auto_create_subnetworks": false,
            "delete_default_routes_on_create": false,
            "description": "",
            "enable_ula_internal_ipv6": false,
            "gateway_ipv4": "",
            "id": "projects/shining-axon-231409/global/networks/shining-axon-231409-vpc",
            "internal_ipv6_range": "",
            "mtu": 0,
            "name": "shining-axon-231409-vpc",
            "project": "shining-axon-231409",
            "routing_mode": "REGIONAL",
            "self_link": "https://www.googleapis.com/compute/v1/projects/shining-axon-231409/global/networks/shining-axon-231409-vpc",
            "timeouts": null
          },
          "sensitive_attributes": [],
          "private": "eyJlMmJmYjczMC1lY2FhLTExZTYtOGY4OC0zNDM2M2JjN2M0YzAiOnsiY3JlYXRlIjoxMjAwMDAwMDAwMDAwLCJkZWxldGUiOjEyMDAwMDAwMDAwMDAsInVwZGF0ZSI6MTIwMDAwMDAwMDAwMH19"
        }
      ]
    },
    {
      "mode": "managed",
      "type": "google_compute_subnetwork",
      "name": "subnet",
      "provider": "provider[\"registry.terraform.io/hashicorp/google\"]",
      "instances": [
        {
          "schema_version": 0,
          "attributes": {
            "creation_timestamp": "2022-08-28T08:21:41.996-07:00",
            "description": "",
            "external_ipv6_prefix": "",
            "fingerprint": null,
            "gateway_address": "10.10.0.1",
            "id": "projects/shining-axon-231409/regions/europe-west1/subnetworks/shining-axon-231409-subnet",
            "ip_cidr_range": "10.10.0.0/24",
            "ipv6_access_type": "",
            "ipv6_cidr_range": "",
            "log_config": [],
            "name": "shining-axon-231409-subnet",
            "network": "https://www.googleapis.com/compute/v1/projects/shining-axon-231409/global/networks/shining-axon-231409-vpc",
            "private_ip_google_access": false,
            "private_ipv6_google_access": "DISABLE_GOOGLE_ACCESS",
            "project": "shining-axon-231409",
            "purpose": "PRIVATE",
            "region": "europe-west1",
            "role": "",
            "secondary_ip_range": [],
            "self_link": "https://www.googleapis.com/compute/v1/projects/shining-axon-231409/regions/europe-west1/subnetworks/shining-axon-231409-subnet",
            "stack_type": "IPV4_ONLY",
            "timeouts": null
          },
          "sensitive_attributes": [],
          "private": "eyJlMmJmYjczMC1lY2FhLTExZTYtOGY4OC0zNDM2M2JjN2M0YzAiOnsiY3JlYXRlIjoxMjAwMDAwMDAwMDAwLCJkZWxldGUiOjEyMDAwMDAwMDAwMDAsInVwZGF0ZSI6MTIwMDAwMDAwMDAwMH19",
          "dependencies": [
            "google_compute_network.vpc"
          ]
        }
      ]
    },
    {
      "mode": "managed",
      "type": "google_container_cluster",
      "name": "primary",
      "provider": "provider[\"registry.terraform.io/hashicorp/google\"]",
      "instances": [
        {
          "schema_version": 1,
          "attributes": {
            "addons_config": [
              {
                "cloudrun_config": [],
                "dns_cache_config": [],
                "gce_persistent_disk_csi_driver_config": [
                  {
                    "enabled": true
                  }
                ],
                "gcp_filestore_csi_driver_config": [],
                "horizontal_pod_autoscaling": [],
                "http_load_balancing": [],
                "network_policy_config": [
                  {
                    "disabled": true
                  }
                ]
              }
            ],
            "authenticator_groups_config": [],
            "binary_authorization": [
              {
                "enabled": false,
                "evaluation_mode": ""
              }
            ],
            "cluster_autoscaling": [
              {
                "auto_provisioning_defaults": [],
                "enabled": false,
                "resource_limits": []
              }
            ],
            "cluster_ipv4_cidr": "10.40.0.0/14",
            "confidential_nodes": [],
            "database_encryption": [
              {
                "key_name": "",
                "state": "DECRYPTED"
              }
            ],
            "datapath_provider": "",
            "default_max_pods_per_node": null,
            "default_snat_status": [
              {
                "disabled": false
              }
            ],
            "description": "",
            "dns_config": [],
            "enable_autopilot": false,
            "enable_binary_authorization": false,
            "enable_intranode_visibility": false,
            "enable_kubernetes_alpha": false,
            "enable_legacy_abac": false,
            "enable_shielded_nodes": true,
            "enable_tpu": false,
            "endpoint": "34.79.36.27",
            "id": "projects/shining-axon-231409/locations/europe-west1/clusters/shining-axon-231409-gke",
            "initial_node_count": 1,
            "ip_allocation_policy": [],
            "label_fingerprint": "a9dc16a7",
            "location": "europe-west1",
            "logging_config": [
              {
                "enable_components": [
                  "SYSTEM_COMPONENTS",
                  "WORKLOADS"
                ]
              }
            ],
            "logging_service": "logging.googleapis.com/kubernetes",
            "maintenance_policy": [],
            "master_auth": [
              {
                "client_certificate": "",
                "client_certificate_config": [
                  {
                    "issue_client_certificate": false
                  }
                ],
                "client_key": "",
                "cluster_ca_certificate": "LS0tLS1CRUdJTiBDRVJUSUZJQ0FURS0tLS0tCk1JSUVMRENDQXBTZ0F3SUJBZ0lRSDQrTU9oT3R3Q1RWZTJIaHJhZFZuekFOQmdrcWhraUc5dzBCQVFzRkFEQXYKTVMwd0t3WURWUVFERXlSbE16ZzJOR1ppTWkweE1XVm1MVFJpWXpjdE9HWXdZaTB4TnpnNVl6VTJNbVExWlRRdwpJQmNOTWpJd09ESTRNVFF5TWpBeldoZ1BNakExTWpBNE1qQXhOVEl5TUROYU1DOHhMVEFyQmdOVkJBTVRKR1V6Ck9EWTBabUl5TFRFeFpXWXROR0pqTnkwNFpqQmlMVEUzT0Rsak5UWXlaRFZsTkRDQ0FhSXdEUVlKS29aSWh2Y04KQVFFQkJRQURnZ0dQQURDQ0FZb0NnZ0dCQU5sSjErdFJhK2wxRUxTZE1DWTRRQ2MxTlUwWVBoMVZHdUVuZWdSRgpTRXVZWHBEaVp0amFjTkM3MHgzVE5Pemk1aVI2VmR2cm9sZkxDYzJYdHVYajExbkJ5TFhLTk9wTDR5RGJzLzFyClcyTVVwTmdRc0NVMzhmdEV4blZnN2Jsdlg2cFlJMmJMVDdLb3NJbDN6V1EzYUhqZWxzekxuSUVaazZyZjVnWVUKVEZManJSaHpJb0U0V2hpaEJnUmQrTnVMSnZGeWNLS0lWRUxjd3ExQ1FpWnM4VEFMREdIdlhKbnNGdFRjdUpidAppODdXSk1nckVoM0tTc0svbi9mOGVsWUM0M2hEbXQzRmN3SlNwb1luZmQ1VUpndGJQNmZ6THV1a244UlIyVHJoCnp6TjFPOTc5N1QrbHd3K1JHVk9hY2c1VWxwOHEwS0VOM2FrMFlaelhVY1VndGR3SzBDNTgvd2dCS25nY1Qwbm4KTUtmdmJnYXlESzNNMTRPSUtMVlJwd2NHc2wvdFVxd1lpMHZTdktUYng5SjZoYll4dXkwUFFDV3V4T1lDSldVeQpIMncxeU52azFpSExpUGNBWGhrd0ZqS3QycnI5TDBDdjB3akRsVTFDSHBJZW9jclNGaXlJNFRKL2FrMUQzRnJGCmhsanJFNUFLL21VcGkxVENoRUhTYzlydU93SURBUUFCbzBJd1FEQU9CZ05WSFE4QkFmOEVCQU1DQWdRd0R3WUQKVlIwVEFRSC9CQVV3QXdFQi96QWRCZ05WSFE0RUZnUVVJOFBJbkI2c3VpTmpDYnd4TVQ2eTZ4KzJBbVF3RFFZSgpLb1pJaHZjTkFRRUxCUUFEZ2dHQkFHMWVZWjFoOEN5WVpBR1dKSTE2dVRqRFdTRFM1dzRUWTJPbDJQSnIycDNHCllsQ3h5Zy8vMGpEbTNIMXJKTEQxOUI2R2tWNjdoZTQyT2RoemtoRUVSTFhIUzdoK1crV1ZQM3RRN09xSm5Ed0EKcjNMNEtnQ2RvNmxINnlZN1ZHb2dlejBtNmJZYXFXWFhWdEI3Sndya3hTUit6S3hhNm9UNE9UTzlxb2JRMUtiVQpDYVBBemJDZlQwM2NqeWFWOVFRRmkzekdDUy9xY29PRXQ4c1pGYjVSNURDWU9GTkpoRFFNUmpkeDlNYXZSTjZCCnFJVGVjSVJ1dVdhK284a0djaUZPQ1ZCZlRlS01mdmNTYnFRNE5tYkZFMm9sRTV5VW0wbVAvSmtnK3YwdU1EWHMKdlRkWDdETy8rU3Npbjl1SjRoZk1KQzFoMEFZS0lVU1UzcUh1ZVFZeHBBeElKMlRnSFN6TytkMGp0MEJYRXRNMwpZV29yb28zR3pZRitWVmZHY2tEKysyY0I1WWpTWkp3QVZmOXFhRU0rcStDaW9vdG05M2oyS1pHKzdUM2dteTBjCklBWXBIVFh0YzlqWVNoOGd3R1VLTzdYMGd2ZmQwbGV4VzlnVXFlYjc2UXM1Q29sVk1jTkQ5Sk9peC9tdGsvOE8KK0k2Y0J1dEV4dzllZkZkeEU4UWV3dz09Ci0tLS0tRU5EIENFUlRJRklDQVRFLS0tLS0K"
              }
            ],
            "master_authorized_networks_config": [],
            "master_version": "1.22.11-gke.400",
            "mesh_certificates": [],
            "min_master_version": null,
            "monitoring_config": [
              {
                "enable_components": [
                  "SYSTEM_COMPONENTS"
                ]
              }
            ],
            "monitoring_service": "monitoring.googleapis.com/kubernetes",
            "name": "shining-axon-231409-gke",
            "network": "projects/shining-axon-231409/global/networks/shining-axon-231409-vpc",
            "network_policy": [
              {
                "enabled": false,
                "provider": "PROVIDER_UNSPECIFIED"
              }
            ],
            "networking_mode": "ROUTES",
            "node_config": [],
            "node_locations": [
              "europe-west1-b",
              "europe-west1-c",
              "europe-west1-d"
            ],
            "node_pool": [],
            "node_version": "1.22.11-gke.400",
            "notification_config": [
              {
                "pubsub": [
                  {
                    "enabled": false,
                    "topic": ""
                  }
                ]
              }
            ],
            "operation": null,
            "private_cluster_config": [],
            "private_ipv6_google_access": "",
            "project": "shining-axon-231409",
            "release_channel": [
              {
                "channel": "REGULAR"
              }
            ],
            "remove_default_node_pool": true,
            "resource_labels": null,
            "resource_usage_export_config": [],
            "self_link": "https://container.googleapis.com/v1/projects/shining-axon-231409/locations/europe-west1/clusters/shining-axon-231409-gke",
            "services_ipv4_cidr": "10.43.240.0/20",
            "subnetwork": "projects/shining-axon-231409/regions/europe-west1/subnetworks/shining-axon-231409-subnet",
            "timeouts": null,
            "tpu_ipv4_cidr_block": "",
            "vertical_pod_autoscaling": [],
            "workload_identity_config": []
          },
          "sensitive_attributes": [],
          "private": "eyJlMmJmYjczMC1lY2FhLTExZTYtOGY4OC0zNDM2M2JjN2M0YzAiOnsiY3JlYXRlIjoyNDAwMDAwMDAwMDAwLCJkZWxldGUiOjI0MDAwMDAwMDAwMDAsInJlYWQiOjI0MDAwMDAwMDAwMDAsInVwZGF0ZSI6MzYwMDAwMDAwMDAwMH0sInNjaGVtYV92ZXJzaW9uIjoiMSJ9",
          "dependencies": [
            "google_compute_network.vpc",
            "google_compute_subnetwork.subnet"
          ]
        }
      ]
    },
    {
      "mode": "managed",
      "type": "google_container_node_pool",
      "name": "primary_nodes",
      "provider": "provider[\"registry.terraform.io/hashicorp/google\"]",
      "instances": [
        {
          "schema_version": 1,
          "attributes": {
            "autoscaling": [
              {
                "max_node_count": 2,
                "min_node_count": 1
              }
            ],
            "cluster": "shining-axon-231409-gke",
            "id": "projects/shining-axon-231409/locations/europe-west1/clusters/shining-axon-231409-gke/nodePools/shining-axon-231409-gke-node-pool",
            "initial_node_count": 1,
            "instance_group_urls": [
              "https://www.googleapis.com/compute/v1/projects/shining-axon-231409/zones/europe-west1-b/instanceGroupManagers/gke-shining-axon-231-shining-axon-231-d007f3c9-grp",
              "https://www.googleapis.com/compute/v1/projects/shining-axon-231409/zones/europe-west1-c/instanceGroupManagers/gke-shining-axon-231-shining-axon-231-ffc3a742-grp",
              "https://www.googleapis.com/compute/v1/projects/shining-axon-231409/zones/europe-west1-d/instanceGroupManagers/gke-shining-axon-231-shining-axon-231-793e93c5-grp"
            ],
            "location": "europe-west1",
            "managed_instance_group_urls": [
              "https://www.googleapis.com/compute/v1/projects/shining-axon-231409/zones/europe-west1-b/instanceGroups/gke-shining-axon-231-shining-axon-231-d007f3c9-grp",
              "https://www.googleapis.com/compute/v1/projects/shining-axon-231409/zones/europe-west1-c/instanceGroups/gke-shining-axon-231-shining-axon-231-ffc3a742-grp",
              "https://www.googleapis.com/compute/v1/projects/shining-axon-231409/zones/europe-west1-d/instanceGroups/gke-shining-axon-231-shining-axon-231-793e93c5-grp"
            ],
            "management": [
              {
                "auto_repair": true,
                "auto_upgrade": true
              }
            ],
            "max_pods_per_node": null,
            "name": "shining-axon-231409-gke-node-pool",
            "name_prefix": "",
            "node_config": [
              {
                "boot_disk_kms_key": "",
                "disk_size_gb": 100,
                "disk_type": "pd-standard",
                "gcfs_config": [],
                "guest_accelerator": [],
                "gvnic": [],
                "image_type": "COS_CONTAINERD",
                "labels": {
                  "env": "shining-axon-231409"
                },
                "local_ssd_count": 0,
                "machine_type": "n1-standard-1",
                "metadata": {
                  "disable-legacy-endpoints": "true"
                },
                "min_cpu_platform": "",
                "node_group": "",
                "oauth_scopes": [
                  "https://www.googleapis.com/auth/logging.write",
                  "https://www.googleapis.com/auth/monitoring"
                ],
                "preemptible": false,
                "service_account": "default",
                "shielded_instance_config": [
                  {
                    "enable_integrity_monitoring": true,
                    "enable_secure_boot": false
                  }
                ],
                "spot": false,
                "tags": [
                  "gke-node",
                  "shining-axon-231409-gke"
                ],
                "taint": [],
                "workload_metadata_config": []
              }
            ],
            "node_count": 1,
            "node_locations": [
              "europe-west1-b",
              "europe-west1-c",
              "europe-west1-d"
            ],
            "operation": null,
            "project": "shining-axon-231409",
            "timeouts": null,
            "upgrade_settings": [
              {
                "max_surge": 1,
                "max_unavailable": 0
              }
            ],
            "version": "1.22.11-gke.400"
          },
          "sensitive_attributes": [],
          "private": "eyJlMmJmYjczMC1lY2FhLTExZTYtOGY4OC0zNDM2M2JjN2M0YzAiOnsiY3JlYXRlIjoxODAwMDAwMDAwMDAwLCJkZWxldGUiOjE4MDAwMDAwMDAwMDAsInVwZGF0ZSI6MTgwMDAwMDAwMDAwMH0sInNjaGVtYV92ZXJzaW9uIjoiMSJ9",
          "dependencies": [
            "google_compute_network.vpc",
            "google_compute_subnetwork.subnet",
            "google_container_cluster.primary"
          ]
        }
      ]
    },
    {
      "mode": "managed",
      "type": "local_file",
      "name": "kubeconfig",
      "provider": "provider[\"registry.terraform.io/hashicorp/local\"]",
      "instances": [
        {
          "schema_version": 0,
          "attributes": {
            "content": "apiVersion: v1\nclusters:\n- cluster:\n    certificate-authority-data: \n    server: https://\n  name: \ncontexts:\n- context:\n    cluster: \n    user: \n  name: \ncurrent-context: \nkind: Config\npreferences: {}\nusers:\n- name: \n  user:\n    token: ya29.a0AVA9y1usKzMq6JJob8j2SIof9Oq10PmEgjke_m3x67xg8u_Whna7BZvJc7iBOGTT0x3alt35BnSNZBwf5lI98eJoTocrzqjXFQirUelVw7nvVmCNrmJaSRb42ENYV1le2hK9WQWQVHWq_tBZo4i2vvsxkekU-AaCgYKATASAQASFQE65dr8qyGm4xHml87420fNRBrz_g0165\n",
            "content_base64": null,
            "directory_permission": "0777",
            "file_permission": "0777",
            "filename": "kubeconfig",
            "id": "4d9c4a07da2017a4fa709d5d4e935a30b557fa81",
            "sensitive_content": null,
            "source": null
          },
          "sensitive_attributes": [
            [
              {
                "type": "get_attr",
                "value": "content"
              }
            ]
          ],
          "private": "bnVsbA==",
          "dependencies": [
            "module.gke_auth.data.google_client_config.provider",
            "module.gke_auth.data.google_container_cluster.gke_cluster"
          ]
        }
      ]
    },
    {
      "module": "module.gke_auth",
      "mode": "data",
      "type": "google_client_config",
      "name": "provider",
      "provider": "provider[\"registry.terraform.io/hashicorp/google\"]",
      "instances": [
        {
          "schema_version": 0,
          "attributes": {
            "access_token": "ya29.a0AVA9y1usKzMq6JJob8j2SIof9Oq10PmEgjke_m3x67xg8u_Whna7BZvJc7iBOGTT0x3alt35BnSNZBwf5lI98eJoTocrzqjXFQirUelVw7nvVmCNrmJaSRb42ENYV1le2hK9WQWQVHWq_tBZo4i2vvsxkekU-AaCgYKATASAQASFQE65dr8qyGm4xHml87420fNRBrz_g0165",
            "id": "projects/shining-axon-231409/regions/eu-west1/zones/",
            "project": "shining-axon-231409",
            "region": "eu-west1",
            "zone": ""
          },
          "sensitive_attributes": []
        }
      ]
    },
    {
      "module": "module.gke_auth",
      "mode": "data",
      "type": "google_container_cluster",
      "name": "gke_cluster",
      "provider": "provider[\"registry.terraform.io/hashicorp/google\"]",
      "instances": [
        {
          "schema_version": 0,
          "attributes": {
            "addons_config": null,
            "authenticator_groups_config": null,
            "binary_authorization": null,
            "cluster_autoscaling": null,
            "cluster_ipv4_cidr": null,
            "confidential_nodes": null,
            "database_encryption": null,
            "datapath_provider": null,
            "default_max_pods_per_node": null,
            "default_snat_status": null,
            "description": null,
            "dns_config": null,
            "enable_autopilot": null,
            "enable_binary_authorization": null,
            "enable_intranode_visibility": null,
            "enable_kubernetes_alpha": null,
            "enable_legacy_abac": null,
            "enable_shielded_nodes": null,
            "enable_tpu": null,
            "endpoint": null,
            "id": null,
            "initial_node_count": null,
            "ip_allocation_policy": null,
            "label_fingerprint": null,
            "location": null,
            "logging_config": null,
            "logging_service": null,
            "maintenance_policy": null,
            "master_auth": null,
            "master_authorized_networks_config": null,
            "master_version": null,
            "mesh_certificates": null,
            "min_master_version": null,
            "monitoring_config": null,
            "monitoring_service": null,
            "name": null,
            "network": null,
            "network_policy": null,
            "networking_mode": null,
            "node_config": null,
            "node_locations": null,
            "node_pool": null,
            "node_version": null,
            "notification_config": null,
            "operation": null,
            "private_cluster_config": null,
            "private_ipv6_google_access": null,
            "project": null,
            "release_channel": null,
            "remove_default_node_pool": null,
            "resource_labels": null,
            "resource_usage_export_config": null,
            "self_link": null,
            "services_ipv4_cidr": null,
            "subnetwork": null,
            "tpu_ipv4_cidr_block": null,
            "vertical_pod_autoscaling": null,
            "workload_identity_config": null
          },
          "sensitive_attributes": []
        }
      ]
    }
  ]
}
